
Microsoft Visual Studio Solution File, Format Version 12.00
# Visual Studio Version 17
VisualStudioVersion = 17.1.32210.238
MinimumVisualStudioVersion = 10.0.40219.1
Project("{9A19103F-16F7-4668-BE54-9A1E7A4F7556}") = "AppServersProject.Server", "AppServersProject\Server\AppServersProject.Server.csproj", "{1D893D7F-94D4-4008-9B15-CDF76FCC9586}"
EndProject
Project("{9A19103F-16F7-4668-BE54-9A1E7A4F7556}") = "AppServersProject.Client", "AppServersProject\Client\AppServersProject.Client.csproj", "{1F117B5E-3CCC-42A3-BB88-4D60A2D62715}"
EndProject
Project("{9A19103F-16F7-4668-BE54-9A1E7A4F7556}") = "AppServersProject.Shared", "AppServersProject\Shared\AppServersProject.Shared.csproj", "{11C20FDB-4804-4B52-B418-93C7DCF36C92}"
EndProject
Global
	GlobalSection(SolutionConfigurationPlatforms) = preSolution
		Debug|Any CPU = Debug|Any CPU
		Release|Any CPU = Release|Any CPU
	EndGlobalSection
	GlobalSection(ProjectConfigurationPlatforms) = postSolution
		{1D893D7F-94D4-4008-9B15-CDF76FCC9586}.Debug|Any CPU.ActiveCfg = Debug|Any CPU
		{1D893D7F-94D4-4008-9B15-CDF76FCC9586}.Debug|Any CPU.Build.0 = Debug|Any CPU
		{1D893D7F-94D4-4008-9B15-CDF76FCC9586}.Release|Any CPU.ActiveCfg = Release|Any CPU
		{1D893D7F-94D4-4008-9B15-CDF76FCC9586}.Release|Any CPU.Build.0 = Release|Any CPU
		{1F117B5E-3CCC-42A3-BB88-4D60A2D62715}.Debug|Any CPU.ActiveCfg = Debug|Any CPU
		{1F117B5E-3CCC-42A3-BB88-4D60A2D62715}.Debug|Any CPU.Build.0 = Debug|Any CPU
		{1F117B5E-3CCC-42A3-BB88-4D60A2D62715}.Release|Any CPU.ActiveCfg = Release|Any CPU
		{1F117B5E-3CCC-42A3-BB88-4D60A2D62715}.Release|Any CPU.Build.0 = Release|Any CPU
		{11C20FDB-4804-4B52-B418-93C7DCF36C92}.Debug|Any CPU.ActiveCfg = Debug|Any CPU
		{11C20FDB-4804-4B52-B418-93C7DCF36C92}.Debug|Any CPU.Build.0 = Debug|Any CPU
		{11C20FDB-4804-4B52-B418-93C7DCF36C92}.Release|Any CPU.ActiveCfg = Release|Any CPU
		{11C20FDB-4804-4B52-B418-93C7DCF36C92}.Release|Any CPU.Build.0 = Release|Any CPU
	EndGlobalSection
	GlobalSection(SolutionProperties) = preSolution
		HideSolutionNode = FALSE
	EndGlobalSection
	GlobalSection(ExtensibilityGlobals) = postSolution
		SolutionGuid = {9BB407BD-194B-48F0-A117-65850CDBD99A}
	EndGlobalSection
EndGlobal
